
Microsoft Visual Studio Solution File, Format Version 12.00
# Visual Studio 15
VisualStudioVersion = 15.0.28010.2026
MinimumVisualStudioVersion = 10.0.40219.1
Project("{FAE04EC0-301F-11D3-BF4B-00C04F79EFBC}") = "MagnusOpum", "MagnusOpum\MagnusOpum.csproj", "{0C4D1F9F-584F-4E41-9778-F15020A33C96}"
EndProject
Global
	GlobalSection(SolutionConfigurationPlatforms) = preSolution
		Debug|Any CPU = Debug|Any CPU
		Release|Any CPU = Release|Any CPU
	EndGlobalSection
	GlobalSection(ProjectConfigurationPlatforms) = postSolution
		{0C4D1F9F-584F-4E41-9778-F15020A33C96}.Debug|Any CPU.ActiveCfg = Debug|Any CPU
		{0C4D1F9F-584F-4E41-9778-F15020A33C96}.Debug|Any CPU.Build.0 = Debug|Any CPU
		{0C4D1F9F-584F-4E41-9778-F15020A33C96}.Release|Any CPU.ActiveCfg = Release|Any CPU
		{0C4D1F9F-584F-4E41-9778-F15020A33C96}.Release|Any CPU.Build.0 = Release|Any CPU
	EndGlobalSection
	GlobalSection(SolutionProperties) = preSolution
		HideSolutionNode = FALSE
	EndGlobalSection
	GlobalSection(ExtensibilityGlobals) = postSolution
		SolutionGuid = {EBA23183-8145-44A0-9CE4-77A4E7161F8D}
	EndGlobalSection
EndGlobal
